{
  "version": 4,
  "terraform_version": "1.2.2",
  "serial": 3,
  "lineage": "3d69be57-830d-ad82-1f7b-94edf018d980",
  "outputs": {},
  "resources": [
    {
      "mode": "managed",
      "type": "azurerm_resource_group",
      "name": "rgs",
      "provider": "provider[\"registry.terraform.io/hashicorp/azurerm\"]",
      "instances": [
        {
          "schema_version": 0,
          "attributes": {
            "id": "/subscriptions/51a98882-a7f7-4cf5-81be-8eff4adace31/resourceGroups/dev-rg",
            "location": "eastus2",
            "name": "dev-rg",
            "tags": null,
            "timeouts": null
          },
          "sensitive_attributes": [],
          "private": "eyJlMmJmYjczMC1lY2FhLTExZTYtOGY4OC0zNDM2M2JjN2M0YzAiOnsiY3JlYXRlIjo1NDAwMDAwMDAwMDAwLCJkZWxldGUiOjU0MDAwMDAwMDAwMDAsInJlYWQiOjMwMDAwMDAwMDAwMCwidXBkYXRlIjo1NDAwMDAwMDAwMDAwfX0="
        }
      ]
    },
    {
      "mode": "managed",
      "type": "azurerm_storage_account",
      "name": "storage",
      "provider": "provider[\"registry.terraform.io/hashicorp/azurerm\"]",
      "instances": [
        {
          "schema_version": 3,
          "attributes": {
            "access_tier": "Hot",
            "account_kind": "StorageV2",
            "account_replication_type": "LRS",
            "account_tier": "Standard",
            "allow_nested_items_to_be_public": true,
            "azure_files_authentication": [],
            "blob_properties": [
              {
                "change_feed_enabled": false,
                "container_delete_retention_policy": [],
                "cors_rule": [],
                "default_service_version": "",
                "delete_retention_policy": [],
                "last_access_time_enabled": false,
                "versioning_enabled": false
              }
            ],
            "cross_tenant_replication_enabled": true,
            "custom_domain": [],
            "customer_managed_key": [],
            "edge_zone": "",
            "enable_https_traffic_only": true,
            "id": "/subscriptions/51a98882-a7f7-4cf5-81be-8eff4adace31/resourceGroups/dev-rg/providers/Microsoft.Storage/storageAccounts/devsalesstorageacc2022",
            "identity": [],
            "infrastructure_encryption_enabled": false,
            "is_hns_enabled": false,
            "large_file_share_enabled": null,
            "location": "eastus2",
            "min_tls_version": "TLS1_2",
            "name": "devsalesstorageacc2022",
            "network_rules": [
              {
                "bypass": [
                  "AzureServices"
                ],
                "default_action": "Allow",
                "ip_rules": [],
                "private_link_access": [],
                "virtual_network_subnet_ids": []
              }
            ],
            "nfsv3_enabled": false,
            "primary_access_key": "1NnX+9s5ys58Bp7m30jLU5hdlvnzK+c5+Parg5VPQ/gnhBVZDWxZ9YWs2mXidgm7vBDevqupzBfn+ASt6YJq+Q==",
            "primary_blob_connection_string": "DefaultEndpointsProtocol=https;BlobEndpoint=https://devsalesstorageacc2022.blob.core.windows.net/;AccountName=devsalesstorageacc2022;AccountKey=1NnX+9s5ys58Bp7m30jLU5hdlvnzK+c5+Parg5VPQ/gnhBVZDWxZ9YWs2mXidgm7vBDevqupzBfn+ASt6YJq+Q==",
            "primary_blob_endpoint": "https://devsalesstorageacc2022.blob.core.windows.net/",
            "primary_blob_host": "devsalesstorageacc2022.blob.core.windows.net",
            "primary_connection_string": "DefaultEndpointsProtocol=https;AccountName=devsalesstorageacc2022;AccountKey=1NnX+9s5ys58Bp7m30jLU5hdlvnzK+c5+Parg5VPQ/gnhBVZDWxZ9YWs2mXidgm7vBDevqupzBfn+ASt6YJq+Q==;EndpointSuffix=core.windows.net",
            "primary_dfs_endpoint": "https://devsalesstorageacc2022.dfs.core.windows.net/",
            "primary_dfs_host": "devsalesstorageacc2022.dfs.core.windows.net",
            "primary_file_endpoint": "https://devsalesstorageacc2022.file.core.windows.net/",
            "primary_file_host": "devsalesstorageacc2022.file.core.windows.net",
            "primary_location": "eastus2",
            "primary_queue_endpoint": "https://devsalesstorageacc2022.queue.core.windows.net/",
            "primary_queue_host": "devsalesstorageacc2022.queue.core.windows.net",
            "primary_table_endpoint": "https://devsalesstorageacc2022.table.core.windows.net/",
            "primary_table_host": "devsalesstorageacc2022.table.core.windows.net",
            "primary_web_endpoint": "https://devsalesstorageacc2022.z20.web.core.windows.net/",
            "primary_web_host": "devsalesstorageacc2022.z20.web.core.windows.net",
            "queue_encryption_key_type": "Service",
            "queue_properties": [
              {
                "cors_rule": [],
                "hour_metrics": [
                  {
                    "enabled": true,
                    "include_apis": true,
                    "retention_policy_days": 7,
                    "version": "1.0"
                  }
                ],
                "logging": [
                  {
                    "delete": false,
                    "read": false,
                    "retention_policy_days": 0,
                    "version": "1.0",
                    "write": false
                  }
                ],
                "minute_metrics": [
                  {
                    "enabled": false,
                    "include_apis": false,
                    "retention_policy_days": 0,
                    "version": "1.0"
                  }
                ]
              }
            ],
            "resource_group_name": "dev-rg",
            "routing": [],
            "secondary_access_key": "HuumF7LApz/DtR9dt7cUqwUeaT6nKdL9xXg/0gUkMiWesITJDqR7yUnaoAkaUMkJBm+ymbN31BHU+AStUS8++g==",
            "secondary_blob_connection_string": "",
            "secondary_blob_endpoint": null,
            "secondary_blob_host": null,
            "secondary_connection_string": "DefaultEndpointsProtocol=https;AccountName=devsalesstorageacc2022;AccountKey=HuumF7LApz/DtR9dt7cUqwUeaT6nKdL9xXg/0gUkMiWesITJDqR7yUnaoAkaUMkJBm+ymbN31BHU+AStUS8++g==;EndpointSuffix=core.windows.net",
            "secondary_dfs_endpoint": null,
            "secondary_dfs_host": null,
            "secondary_file_endpoint": null,
            "secondary_file_host": null,
            "secondary_location": "",
            "secondary_queue_endpoint": null,
            "secondary_queue_host": null,
            "secondary_table_endpoint": null,
            "secondary_table_host": null,
            "secondary_web_endpoint": null,
            "secondary_web_host": null,
            "share_properties": [
              {
                "cors_rule": [],
                "retention_policy": [
                  {
                    "days": 7
                  }
                ],
                "smb": []
              }
            ],
            "shared_access_key_enabled": true,
            "static_website": [],
            "table_encryption_key_type": "Service",
            "tags": {
              "environment": "staging"
            },
            "timeouts": null
          },
          "sensitive_attributes": [],
          "private": "eyJlMmJmYjczMC1lY2FhLTExZTYtOGY4OC0zNDM2M2JjN2M0YzAiOnsiY3JlYXRlIjozNjAwMDAwMDAwMDAwLCJkZWxldGUiOjM2MDAwMDAwMDAwMDAsInJlYWQiOjMwMDAwMDAwMDAwMCwidXBkYXRlIjozNjAwMDAwMDAwMDAwfSwic2NoZW1hX3ZlcnNpb24iOiIzIn0=",
          "dependencies": [
            "azurerm_resource_group.rgs"
          ]
        }
      ]
    }
  ]
}
